
Microsoft Visual Studio Solution File, Format Version 12.00
# Visual Studio Version 16
VisualStudioVersion = 16.0.33214.272
MinimumVisualStudioVersion = 10.0.40219.1
Project("{FAE04EC0-301F-11D3-BF4B-00C04F79EFBC}") = "ShoeShop", "ShoeShop\ShoeShop.csproj", "{35077145-D14B-4D46-8463-06BAFFC3129D}"
EndProject
Global
	GlobalSection(SolutionConfigurationPlatforms) = preSolution
		Debug|Any CPU = Debug|Any CPU
		Release|Any CPU = Release|Any CPU
	EndGlobalSection
	GlobalSection(ProjectConfigurationPlatforms) = postSolution
		{35077145-D14B-4D46-8463-06BAFFC3129D}.Debug|Any CPU.ActiveCfg = Debug|Any CPU
		{35077145-D14B-4D46-8463-06BAFFC3129D}.Debug|Any CPU.Build.0 = Debug|Any CPU
		{35077145-D14B-4D46-8463-06BAFFC3129D}.Release|Any CPU.ActiveCfg = Release|Any CPU
		{35077145-D14B-4D46-8463-06BAFFC3129D}.Release|Any CPU.Build.0 = Release|Any CPU
	EndGlobalSection
	GlobalSection(SolutionProperties) = preSolution
		HideSolutionNode = FALSE
	EndGlobalSection
	GlobalSection(ExtensibilityGlobals) = postSolution
		SolutionGuid = {51CB6CB9-44A1-48FA-B182-D58865EDA073}
	EndGlobalSection
EndGlobal
